<?xml version="1.0" encoding="utf-8"?>
<Project ToolsVersion="4.0" xmlns="http://schemas.microsoft.com/developer/msbuild/2003">
  <ItemGroup>
    <Filter Include="Source Files">
      <UniqueIdentifier>{4FC737F1-C7A5-4376-A066-2A32D752A2FF}</UniqueIdentifier>
      <Extensions>cpp;c;cc;cxx;def;odl;idl;hpj;bat;asm;asmx</Extensions>
    </Filter>
    <Filter Include="Header Files">
      <UniqueIdentifier>{93995380-89BD-4b04-88EB-625FBE52EBFB}</UniqueIdentifier>
      <Extensions>h;hh;hpp;hxx;hm;inl;inc;xsd</Extensions>
    </Filter>
    <Filter Include="Resource Files">
      <UniqueIdentifier>{67DA6AB6-F800-4c08-8B7A-83BB121AAD01}</UniqueIdentifier>
      <Extensions>rc;ico;cur;bmp;dlg;rc2;rct;bin;rgs;gif;jpg;jpeg;jpe;resx;tiff;tif;png;wav</Extensions>
    </Filter>
  </ItemGroup>
  <ItemGroup>
    <ClCompile Include="Abstraction.cpp">
      <Filter>Source Files</Filter>
    </ClCompile>
    <ClCompile Include="Abstraction_vs_Encapsulation.cpp">
      <Filter>Source Files</Filter>
    </ClCompile>
    <ClCompile Include="Abstract_Class.cpp">
      <Filter>Source Files</Filter>
    </ClCompile>
    <ClCompile Include="Access_Specifier.cpp">
      <Filter>Source Files</Filter>
    </ClCompile>
    <ClCompile Include="Access_Specifier_in_Inheritence.cpp">
      <Filter>Source Files</Filter>
    </ClCompile>
    <ClCompile Include="Assign_Object.cpp">
      <Filter>Source Files</Filter>
    </ClCompile>
    <ClCompile Include="Big_Decimal.cpp">
      <Filter>Source Files</Filter>
    </ClCompile>
    <ClCompile Include="Binary_File_Handling.cpp">
      <Filter>Source Files</Filter>
    </ClCompile>
    <ClCompile Include="Binding.cpp">
      <Filter>Source Files</Filter>
    </ClCompile>
    <ClCompile Include="Bool.cpp">
      <Filter>Source Files</Filter>
    </ClCompile>
    <ClCompile Include="Class.cpp">
      <Filter>Source Files</Filter>
    </ClCompile>
    <ClCompile Include="Class_Declaration_vs_Definition.cpp">
      <Filter>Source Files</Filter>
    </ClCompile>
    <ClCompile Include="Class_Pointer.cpp">
      <Filter>Source Files</Filter>
    </ClCompile>
    <ClCompile Include="Constructor.cpp">
      <Filter>Source Files</Filter>
    </ClCompile>
    <ClCompile Include="Constructor_Destructor.cpp">
      <Filter>Source Files</Filter>
    </ClCompile>
    <ClCompile Include="Constructor_Destructor_Inheritence.cpp">
      <Filter>Source Files</Filter>
    </ClCompile>
    <ClCompile Include="Container.cpp">
      <Filter>Source Files</Filter>
    </ClCompile>
    <ClCompile Include="Copy_Constructor.cpp">
      <Filter>Source Files</Filter>
    </ClCompile>
    <ClCompile Include="Copy_Constructor_vs_Assignment.cpp">
      <Filter>Source Files</Filter>
    </ClCompile>
    <ClCompile Include="Default_Argumet.cpp">
      <Filter>Source Files</Filter>
    </ClCompile>
    <ClCompile Include="Destructor.cpp">
      <Filter>Source Files</Filter>
    </ClCompile>
    <ClCompile Include="Dynamic_Allocation.cpp">
      <Filter>Source Files</Filter>
    </ClCompile>
    <ClCompile Include="Early_vs_Late_Binding.cpp">
      <Filter>Source Files</Filter>
    </ClCompile>
    <ClCompile Include="Encapsulation.cpp">
      <Filter>Source Files</Filter>
    </ClCompile>
    <ClCompile Include="endl_vs_n.cpp">
      <Filter>Source Files</Filter>
    </ClCompile>
    <ClCompile Include="Enum.cpp">
      <Filter>Source Files</Filter>
    </ClCompile>
    <ClCompile Include="eof.cpp">
      <Filter>Source Files</Filter>
    </ClCompile>
    <ClCompile Include="eof_in_File_Handling.cpp">
      <Filter>Source Files</Filter>
    </ClCompile>
    <ClCompile Include="error_File_Handling.cpp">
      <Filter>Source Files</Filter>
    </ClCompile>
    <ClCompile Include="Exception_Handling.cpp">
      <Filter>Source Files</Filter>
    </ClCompile>
    <ClCompile Include="Explicit_vs_Implicit.cpp">
      <Filter>Source Files</Filter>
    </ClCompile>
    <ClCompile Include="File_Handling.cpp">
      <Filter>Source Files</Filter>
    </ClCompile>
    <ClCompile Include="Forward_Declaration.cpp">
      <Filter>Source Files</Filter>
    </ClCompile>
    <ClCompile Include="friend.cpp">
      <Filter>Source Files</Filter>
    </ClCompile>
    <ClCompile Include="fstream.cpp">
      <Filter>Source Files</Filter>
    </ClCompile>
    <ClCompile Include="Function_Overloading.cpp">
      <Filter>Source Files</Filter>
    </ClCompile>
    <ClCompile Include="Function_Overloading_vs_Overriding.cpp">
      <Filter>Source Files</Filter>
    </ClCompile>
    <ClCompile Include="Function_Overriding.cpp">
      <Filter>Source Files</Filter>
    </ClCompile>
    <ClCompile Include="getline.cpp">
      <Filter>Source Files</Filter>
    </ClCompile>
    <ClCompile Include="Global_vs_Local.cpp">
      <Filter>Source Files</Filter>
    </ClCompile>
    <ClCompile Include="Header_File.cpp">
      <Filter>Source Files</Filter>
    </ClCompile>
    <ClCompile Include="Inheritence.cpp">
      <Filter>Source Files</Filter>
    </ClCompile>
    <ClCompile Include="Inline_Function.cpp">
      <Filter>Source Files</Filter>
    </ClCompile>
    <ClCompile Include="Inserter_&amp;_Extractor.cpp">
      <Filter>Source Files</Filter>
    </ClCompile>
    <ClCompile Include="Inside_vs_Outside_Class_Definition.cpp">
      <Filter>Source Files</Filter>
    </ClCompile>
    <ClCompile Include="Interface.cpp">
      <Filter>Source Files</Filter>
    </ClCompile>
    <ClCompile Include="io.cpp">
      <Filter>Source Files</Filter>
    </ClCompile>
    <ClCompile Include="ios.cpp">
      <Filter>Source Files</Filter>
    </ClCompile>
    <ClCompile Include="iostate.cpp">
      <Filter>Source Files</Filter>
    </ClCompile>
    <ClCompile Include="iostream.cpp">
      <Filter>Source Files</Filter>
    </ClCompile>
    <ClCompile Include="IO_Status.cpp">
      <Filter>Source Files</Filter>
    </ClCompile>
    <ClCompile Include="Iterator.cpp">
      <Filter>Source Files</Filter>
    </ClCompile>
    <ClCompile Include="Keyword.cpp">
      <Filter>Source Files</Filter>
    </ClCompile>
    <ClCompile Include="Lambda_Function.cpp">
      <Filter>Source Files</Filter>
    </ClCompile>
    <ClCompile Include="Learn_OOP.cpp">
      <Filter>Source Files</Filter>
    </ClCompile>
    <ClCompile Include="Line_Input.cpp">
      <Filter>Source Files</Filter>
    </ClCompile>
    <ClCompile Include="manipulators.cpp">
      <Filter>Source Files</Filter>
    </ClCompile>
    <ClCompile Include="Multithread.cpp">
      <Filter>Source Files</Filter>
    </ClCompile>
    <ClCompile Include="Namespace.cpp">
      <Filter>Source Files</Filter>
    </ClCompile>
    <ClCompile Include="Nested_Class.cpp">
      <Filter>Source Files</Filter>
    </ClCompile>
    <ClCompile Include="Normal_vs_Inline_Function.cpp">
      <Filter>Source Files</Filter>
    </ClCompile>
    <ClCompile Include="Object.cpp">
      <Filter>Source Files</Filter>
    </ClCompile>
    <ClCompile Include="Object_Array.cpp">
      <Filter>Source Files</Filter>
    </ClCompile>
    <ClCompile Include="Object_Pointer.cpp">
      <Filter>Source Files</Filter>
    </ClCompile>
    <ClCompile Include="Object_to_Function.cpp">
      <Filter>Source Files</Filter>
    </ClCompile>
    <ClCompile Include="OOP.cpp">
      <Filter>Source Files</Filter>
    </ClCompile>
    <ClCompile Include="openmode.cpp">
      <Filter>Source Files</Filter>
    </ClCompile>
    <ClCompile Include="Operator.cpp">
      <Filter>Source Files</Filter>
    </ClCompile>
    <ClCompile Include="Operator_Overloading.cpp">
      <Filter>Source Files</Filter>
    </ClCompile>
    <ClCompile Include="Overriding_vs_Overloading.cpp">
      <Filter>Source Files</Filter>
    </ClCompile>
    <ClCompile Include="Pointer_to_Member_Function.cpp">
      <Filter>Source Files</Filter>
    </ClCompile>
    <ClCompile Include="Polymorphism.cpp">
      <Filter>Source Files</Filter>
    </ClCompile>
    <ClCompile Include="Presentation.cpp">
      <Filter>Source Files</Filter>
    </ClCompile>
    <ClCompile Include="Pure_Virtual_Function.cpp">
      <Filter>Source Files</Filter>
    </ClCompile>
    <ClCompile Include="Random_Access.cpp">
      <Filter>Source Files</Filter>
    </ClCompile>
    <ClCompile Include="Reference.cpp">
      <Filter>Source Files</Filter>
    </ClCompile>
    <ClCompile Include="Scope_Operator.cpp">
      <Filter>Source Files</Filter>
    </ClCompile>
    <ClCompile Include="stack.cpp">
      <Filter>Source Files</Filter>
    </ClCompile>
    <ClCompile Include="stack4.cpp">
      <Filter>Source Files</Filter>
    </ClCompile>
    <ClCompile Include="Static_Class_Members.cpp">
      <Filter>Source Files</Filter>
    </ClCompile>
    <ClCompile Include="STL.cpp">
      <Filter>Source Files</Filter>
    </ClCompile>
    <ClCompile Include="Stream.cpp">
      <Filter>Source Files</Filter>
    </ClCompile>
    <ClCompile Include="String.cpp">
      <Filter>Source Files</Filter>
    </ClCompile>
    <ClCompile Include="StringToDecimal.cpp">
      <Filter>Source Files</Filter>
    </ClCompile>
    <ClCompile Include="String_Stream.cpp">
      <Filter>Source Files</Filter>
    </ClCompile>
    <ClCompile Include="t1.cpp">
      <Filter>Source Files</Filter>
    </ClCompile>
    <ClCompile Include="t2.cpp">
      <Filter>Source Files</Filter>
    </ClCompile>
    <ClCompile Include="temp.cpp">
      <Filter>Source Files</Filter>
    </ClCompile>
    <ClCompile Include="temp2.cpp">
      <Filter>Source Files</Filter>
    </ClCompile>
    <ClCompile Include="Template.cpp">
      <Filter>Source Files</Filter>
    </ClCompile>
    <ClCompile Include="test.cpp">
      <Filter>Source Files</Filter>
    </ClCompile>
    <ClCompile Include="Text_vs_Binary_mode.cpp">
      <Filter>Source Files</Filter>
    </ClCompile>
    <ClCompile Include="this.cpp">
      <Filter>Source Files</Filter>
    </ClCompile>
    <ClCompile Include="Type_Casting.cpp">
      <Filter>Source Files</Filter>
    </ClCompile>
    <ClCompile Include="Unnamed_Namespace_vs_Global_Scope.cpp">
      <Filter>Source Files</Filter>
    </ClCompile>
    <ClCompile Include="Using.cpp">
      <Filter>Source Files</Filter>
    </ClCompile>
    <ClCompile Include="variadic_function.cpp">
      <Filter>Source Files</Filter>
    </ClCompile>
    <ClCompile Include="vector.cpp">
      <Filter>Source Files</Filter>
    </ClCompile>
    <ClCompile Include="Virtual.cpp">
      <Filter>Source Files</Filter>
    </ClCompile>
    <ClCompile Include="Random_Access.c">
      <Filter>Source Files</Filter>
    </ClCompile>
  </ItemGroup>
  <ItemGroup>
    <ClInclude Include="Inside_vs_Outside_Class_Definition.h">
      <Filter>Header Files</Filter>
    </ClInclude>
    <ClInclude Include="t1.h">
      <Filter>Header Files</Filter>
    </ClInclude>
  </ItemGroup>
</Project>